
Microsoft Visual Studio Solution File, Format Version 12.00
# Visual Studio Version 16
VisualStudioVersion = 16.0.30717.126
MinimumVisualStudioVersion = 10.0.40219.1
Project("{FAE04EC0-301F-11D3-BF4B-00C04F79EFBC}") = "ConsoleWebAppGB2", "ConsoleWebAppGB2\ConsoleWebAppGB2.csproj", "{1ABE4929-FD89-4960-9B36-376138535DDF}"
EndProject
Global
	GlobalSection(SolutionConfigurationPlatforms) = preSolution
		Debug|Any CPU = Debug|Any CPU
		Release|Any CPU = Release|Any CPU
	EndGlobalSection
	GlobalSection(ProjectConfigurationPlatforms) = postSolution
		{1ABE4929-FD89-4960-9B36-376138535DDF}.Debug|Any CPU.ActiveCfg = Debug|Any CPU
		{1ABE4929-FD89-4960-9B36-376138535DDF}.Debug|Any CPU.Build.0 = Debug|Any CPU
		{1ABE4929-FD89-4960-9B36-376138535DDF}.Release|Any CPU.ActiveCfg = Release|Any CPU
		{1ABE4929-FD89-4960-9B36-376138535DDF}.Release|Any CPU.Build.0 = Release|Any CPU
	EndGlobalSection
	GlobalSection(SolutionProperties) = preSolution
		HideSolutionNode = FALSE
	EndGlobalSection
	GlobalSection(ExtensibilityGlobals) = postSolution
		SolutionGuid = {E54B5B02-E923-4B72-89E5-3EFD196B05FD}
	EndGlobalSection
EndGlobal
